{
  "- modular/activerecord_support.gemfile\n- modular/combustion.gemfile": [
    {
      "file": ".structuredmerge/kettle-jem.yml",
      "lines": [
        195,
        206
      ]
    }
  ],
  "`---+---+---+                +---+---+---`\n|   |   |   |                |   |   |   |": [
    {
      "file": "README.md",
      "lines": [
        228,
        232
      ]
    }
  ]
}
