{
  "- modular/activerecord_support.gemfile\n- modular/combustion.gemfile": [
    {
      "file": ".structuredmerge/kettle-jem.yml",
      "lines": [
        153,
        164
      ]
    }
  ],
  "`---+---+---+                +---+---+---`\n|   |   |   |                |   |   |   |": [
    {
      "file": "README.md",
      "lines": [
        230,
        234
      ]
    }
  ],
  "appraisal: \"dep-heads\"\nexec_cmd: \"kettle-test\"": [
    {
      "file": ".github/workflows/dep-heads.yml",
      "lines": [
        43,
        97,
        151
      ]
    }
  ],
  "appraisal: \"head\"\nexec_cmd: \"kettle-test\"": [
    {
      "file": ".github/workflows/heads.yml",
      "lines": [
        43,
        104,
        162
      ]
    }
  ],
  "exec_cmd: \"kettle-test\"\n# Run directly from the generated appraisal Gemfile so setup-ruby": [
    {
      "file": ".github/workflows/dep-heads.yml",
      "lines": [
        44,
        98,
        152
      ]
    }
  ],
  "exec_cmd: \"kettle-test\"\nrubygems: default": [
    {
      "file": ".github/workflows/heads.yml",
      "lines": [
        44,
        105,
        163
      ]
    }
  ]
}
