{
  "- modular/activerecord_support.gemfile\n- modular/combustion.gemfile": [
    {
      "file": ".structuredmerge/kettle-jem.yml",
      "lines": [
        209,
        220
      ]
    }
  ],
  "`---+---+---+                +---+---+---`\n|   |   |   |                |   |   |   |": [
    {
      "file": "README.md",
      "lines": [
        236,
        240
      ]
    }
  ]
}
