{
  "README.md:2165676105": [
    [160, 3, 41, "Style/MethodCallWithArgsParentheses: Use parentheses for method calls with arguments.", 1157170177],
    [428, 1, 60, "Style/MethodCallWithArgsParentheses: Use parentheses for method calls with arguments.", 3727932524],
    [436, 1, 112, "Style/MethodCallWithArgsParentheses: Use parentheses for method calls with arguments.", 1802872379]
  ],
  "flag_shih_tzu.gemspec:4027937544": [
    [117, 22, 25, "Packaging/GemspecGit: Avoid using git to produce lists of files. Downstreams often need to build your package in an environment that does not have git (on purpose). Use some pure Ruby alternative, like `Dir` or `Dir.glob`.", 3514749028]
  ],
  "lib/flag_shih_tzu.rb:1111483994": [
    [13, 3, 284, "Style/ClassMethodsDefinitions: Use `class << self` to define a class method.", 1521538466],
    [21, 40, 9, "Lint/InheritException: Inherit from `RuntimeError` instead of `Exception`.", 3513723378],
    [22, 40, 9, "Lint/InheritException: Inherit from `RuntimeError` instead of `Exception`.", 3513723378],
    [23, 31, 9, "Lint/InheritException: Inherit from `RuntimeError` instead of `Exception`.", 3513723378],
    [24, 40, 9, "Lint/InheritException: Inherit from `RuntimeError` instead of `Exception`.", 3513723378],
    [496, 36, 15, "Style/IfWithBooleanLiteralBranches: Remove redundant ternary operator with boolean literal branches.", 562381739]
  ],
  "spec/flag_shih_tzu_derived_spec.rb:4222785671": [
    [5, 16, 27, "RSpec/DescribeClass: The first argument to describe should be the class or module being tested.", 3496560139],
    [10, 52, 2, "RSpec/BeEq: Prefer `be` over `eq`.", 5860785],
    [15, 52, 2, "RSpec/BeEq: Prefer `be` over `eq`.", 5860785],
    [18, 53, 2, "RSpec/BeEq: Prefer `be` over `eq`.", 5860785],
    [30, 52, 2, "RSpec/BeEq: Prefer `be` over `eq`.", 5860785],
    [31, 50, 2, "RSpec/BeEq: Prefer `be` over `eq`.", 5860785],
    [32, 55, 2, "RSpec/BeEq: Prefer `be` over `eq`.", 5860785],
    [38, 54, 2, "RSpec/BeEq: Prefer `be` over `eq`.", 5860785],
    [45, 54, 2, "RSpec/BeEq: Prefer `be` over `eq`.", 5860785],
    [50, 37, 2, "RSpec/BeEq: Prefer `be` over `eq`.", 5860785],
    [55, 36, 2, "RSpec/BeEq: Prefer `be` over `eq`.", 5860785],
    [61, 38, 2, "RSpec/BeEq: Prefer `be` over `eq`.", 5860785],
    [66, 38, 2, "RSpec/BeEq: Prefer `be` over `eq`.", 5860785],
    [74, 38, 2, "RSpec/BeEq: Prefer `be` over `eq`.", 5860785],
    [76, 38, 2, "RSpec/BeEq: Prefer `be` over `eq`.", 5860785]
  ],
  "spec/flag_shih_tzu_instance_spec.rb:1632558883": [
    [5, 16, 30, "RSpec/DescribeClass: The first argument to describe should be the class or module being tested.", 1132383053],
    [13, 54, 2, "RSpec/BeEq: Prefer `be` over `eq`.", 5860785],
    [18, 58, 2, "RSpec/BeEq: Prefer `be` over `eq`.", 5860785],
    [20, 62, 2, "RSpec/BeEq: Prefer `be` over `eq`.", 5860785],
    [25, 54, 2, "RSpec/BeEq: Prefer `be` over `eq`.", 5860785],
    [28, 55, 2, "RSpec/BeEq: Prefer `be` over `eq`.", 5860785],
    [33, 58, 2, "RSpec/BeEq: Prefer `be` over `eq`.", 5860785],
    [35, 62, 2, "RSpec/BeEq: Prefer `be` over `eq`.", 5860785],
    [38, 59, 2, "RSpec/BeEq: Prefer `be` over `eq`.", 5860785],
    [40, 63, 2, "RSpec/BeEq: Prefer `be` over `eq`.", 5860785],
    [52, 54, 2, "RSpec/BeEq: Prefer `be` over `eq`.", 5860785],
    [53, 52, 2, "RSpec/BeEq: Prefer `be` over `eq`.", 5860785],
    [54, 57, 2, "RSpec/BeEq: Prefer `be` over `eq`.", 5860785],
    [68, 58, 2, "RSpec/BeEq: Prefer `be` over `eq`.", 5860785],
    [69, 59, 2, "RSpec/BeEq: Prefer `be` over `eq`.", 5860785],
    [70, 59, 2, "RSpec/BeEq: Prefer `be` over `eq`.", 5860785],
    [76, 56, 2, "RSpec/BeEq: Prefer `be` over `eq`.", 5860785],
    [83, 56, 2, "RSpec/BeEq: Prefer `be` over `eq`.", 5860785],
    [90, 38, 2, "RSpec/BeEq: Prefer `be` over `eq`.", 5860785],
    [94, 42, 2, "RSpec/BeEq: Prefer `be` over `eq`.", 5860785],
    [98, 39, 2, "RSpec/BeEq: Prefer `be` over `eq`.", 5860785],
    [102, 43, 2, "RSpec/BeEq: Prefer `be` over `eq`.", 5860785],
    [194, 38, 2, "RSpec/BeEq: Prefer `be` over `eq`.", 5860785],
    [195, 36, 2, "RSpec/BeEq: Prefer `be` over `eq`.", 5860785],
    [196, 41, 2, "RSpec/BeEq: Prefer `be` over `eq`.", 5860785],
    [201, 38, 2, "RSpec/BeEq: Prefer `be` over `eq`.", 5860785],
    [202, 36, 2, "RSpec/BeEq: Prefer `be` over `eq`.", 5860785],
    [203, 41, 2, "RSpec/BeEq: Prefer `be` over `eq`.", 5860785],
    [208, 44, 2, "RSpec/BeEq: Prefer `be` over `eq`.", 5860785],
    [209, 45, 2, "RSpec/BeEq: Prefer `be` over `eq`.", 5860785],
    [215, 42, 2, "RSpec/BeEq: Prefer `be` over `eq`.", 5860785],
    [216, 43, 2, "RSpec/BeEq: Prefer `be` over `eq`.", 5860785],
    [217, 46, 2, "RSpec/BeEq: Prefer `be` over `eq`.", 5860785],
    [218, 43, 2, "RSpec/BeEq: Prefer `be` over `eq`.", 5860785],
    [230, 38, 2, "RSpec/BeEq: Prefer `be` over `eq`.", 5860785],
    [231, 36, 2, "RSpec/BeEq: Prefer `be` over `eq`.", 5860785],
    [232, 41, 2, "RSpec/BeEq: Prefer `be` over `eq`.", 5860785],
    [242, 38, 2, "RSpec/BeEq: Prefer `be` over `eq`.", 5860785],
    [243, 36, 2, "RSpec/BeEq: Prefer `be` over `eq`.", 5860785],
    [244, 41, 2, "RSpec/BeEq: Prefer `be` over `eq`.", 5860785],
    [253, 44, 2, "RSpec/BeEq: Prefer `be` over `eq`.", 5860785],
    [254, 45, 2, "RSpec/BeEq: Prefer `be` over `eq`.", 5860785],
    [266, 42, 2, "RSpec/BeEq: Prefer `be` over `eq`.", 5860785],
    [267, 43, 2, "RSpec/BeEq: Prefer `be` over `eq`.", 5860785],
    [268, 46, 2, "RSpec/BeEq: Prefer `be` over `eq`.", 5860785],
    [269, 43, 2, "RSpec/BeEq: Prefer `be` over `eq`.", 5860785],
    [275, 47, 2, "RSpec/BeEq: Prefer `be` over `eq`.", 5860785],
    [278, 47, 2, "RSpec/BeEq: Prefer `be` over `eq`.", 5860785],
    [281, 47, 2, "RSpec/BeEq: Prefer `be` over `eq`.", 5860785],
    [284, 47, 2, "RSpec/BeEq: Prefer `be` over `eq`.", 5860785],
    [287, 47, 2, "RSpec/BeEq: Prefer `be` over `eq`.", 5860785],
    [291, 38, 2, "RSpec/BeEq: Prefer `be` over `eq`.", 5860785],
    [294, 38, 2, "RSpec/BeEq: Prefer `be` over `eq`.", 5860785],
    [297, 38, 2, "RSpec/BeEq: Prefer `be` over `eq`.", 5860785],
    [300, 38, 2, "RSpec/BeEq: Prefer `be` over `eq`.", 5860785],
    [303, 38, 2, "RSpec/BeEq: Prefer `be` over `eq`.", 5860785],
    [307, 43, 2, "RSpec/BeEq: Prefer `be` over `eq`.", 5860785],
    [310, 43, 2, "RSpec/BeEq: Prefer `be` over `eq`.", 5860785],
    [313, 43, 2, "RSpec/BeEq: Prefer `be` over `eq`.", 5860785],
    [316, 43, 2, "RSpec/BeEq: Prefer `be` over `eq`.", 5860785],
    [320, 41, 2, "RSpec/BeEq: Prefer `be` over `eq`.", 5860785],
    [321, 47, 2, "RSpec/BeEq: Prefer `be` over `eq`.", 5860785],
    [325, 41, 2, "RSpec/BeEq: Prefer `be` over `eq`.", 5860785],
    [326, 47, 2, "RSpec/BeEq: Prefer `be` over `eq`.", 5860785],
    [330, 41, 2, "RSpec/BeEq: Prefer `be` over `eq`.", 5860785],
    [334, 41, 2, "RSpec/BeEq: Prefer `be` over `eq`.", 5860785],
    [341, 38, 2, "RSpec/BeEq: Prefer `be` over `eq`.", 5860785],
    [342, 36, 2, "RSpec/BeEq: Prefer `be` over `eq`.", 5860785],
    [343, 41, 2, "RSpec/BeEq: Prefer `be` over `eq`.", 5860785],
    [346, 38, 2, "RSpec/BeEq: Prefer `be` over `eq`.", 5860785],
    [347, 36, 2, "RSpec/BeEq: Prefer `be` over `eq`.", 5860785],
    [348, 41, 2, "RSpec/BeEq: Prefer `be` over `eq`.", 5860785],
    [351, 38, 2, "RSpec/BeEq: Prefer `be` over `eq`.", 5860785],
    [352, 36, 2, "RSpec/BeEq: Prefer `be` over `eq`.", 5860785],
    [353, 41, 2, "RSpec/BeEq: Prefer `be` over `eq`.", 5860785],
    [357, 38, 2, "RSpec/BeEq: Prefer `be` over `eq`.", 5860785],
    [358, 36, 2, "RSpec/BeEq: Prefer `be` over `eq`.", 5860785],
    [359, 41, 2, "RSpec/BeEq: Prefer `be` over `eq`.", 5860785],
    [364, 44, 2, "RSpec/BeEq: Prefer `be` over `eq`.", 5860785],
    [365, 45, 2, "RSpec/BeEq: Prefer `be` over `eq`.", 5860785],
    [368, 44, 2, "RSpec/BeEq: Prefer `be` over `eq`.", 5860785],
    [369, 45, 2, "RSpec/BeEq: Prefer `be` over `eq`.", 5860785],
    [372, 44, 2, "RSpec/BeEq: Prefer `be` over `eq`.", 5860785],
    [373, 45, 2, "RSpec/BeEq: Prefer `be` over `eq`.", 5860785],
    [376, 44, 2, "RSpec/BeEq: Prefer `be` over `eq`.", 5860785],
    [377, 45, 2, "RSpec/BeEq: Prefer `be` over `eq`.", 5860785],
    [380, 44, 2, "RSpec/BeEq: Prefer `be` over `eq`.", 5860785],
    [381, 45, 2, "RSpec/BeEq: Prefer `be` over `eq`.", 5860785],
    [387, 42, 2, "RSpec/BeEq: Prefer `be` over `eq`.", 5860785],
    [388, 43, 2, "RSpec/BeEq: Prefer `be` over `eq`.", 5860785],
    [389, 46, 2, "RSpec/BeEq: Prefer `be` over `eq`.", 5860785],
    [390, 43, 2, "RSpec/BeEq: Prefer `be` over `eq`.", 5860785],
    [394, 42, 2, "RSpec/BeEq: Prefer `be` over `eq`.", 5860785],
    [395, 43, 2, "RSpec/BeEq: Prefer `be` over `eq`.", 5860785],
    [396, 46, 2, "RSpec/BeEq: Prefer `be` over `eq`.", 5860785],
    [397, 43, 2, "RSpec/BeEq: Prefer `be` over `eq`.", 5860785],
    [401, 42, 2, "RSpec/BeEq: Prefer `be` over `eq`.", 5860785],
    [402, 43, 2, "RSpec/BeEq: Prefer `be` over `eq`.", 5860785],
    [403, 46, 2, "RSpec/BeEq: Prefer `be` over `eq`.", 5860785],
    [404, 43, 2, "RSpec/BeEq: Prefer `be` over `eq`.", 5860785],
    [408, 42, 2, "RSpec/BeEq: Prefer `be` over `eq`.", 5860785],
    [409, 43, 2, "RSpec/BeEq: Prefer `be` over `eq`.", 5860785],
    [410, 46, 2, "RSpec/BeEq: Prefer `be` over `eq`.", 5860785],
    [411, 43, 2, "RSpec/BeEq: Prefer `be` over `eq`.", 5860785],
    [415, 42, 2, "RSpec/BeEq: Prefer `be` over `eq`.", 5860785],
    [416, 43, 2, "RSpec/BeEq: Prefer `be` over `eq`.", 5860785],
    [417, 46, 2, "RSpec/BeEq: Prefer `be` over `eq`.", 5860785],
    [418, 43, 2, "RSpec/BeEq: Prefer `be` over `eq`.", 5860785],
    [425, 38, 2, "RSpec/BeEq: Prefer `be` over `eq`.", 5860785],
    [430, 38, 2, "RSpec/BeEq: Prefer `be` over `eq`.", 5860785],
    [436, 40, 2, "RSpec/BeEq: Prefer `be` over `eq`.", 5860785],
    [441, 40, 2, "RSpec/BeEq: Prefer `be` over `eq`.", 5860785],
    [448, 47, 2, "RSpec/BeEq: Prefer `be` over `eq`.", 5860785],
    [449, 45, 2, "RSpec/BeEq: Prefer `be` over `eq`.", 5860785],
    [452, 47, 2, "RSpec/BeEq: Prefer `be` over `eq`.", 5860785],
    [453, 45, 2, "RSpec/BeEq: Prefer `be` over `eq`.", 5860785],
    [456, 47, 2, "RSpec/BeEq: Prefer `be` over `eq`.", 5860785],
    [457, 45, 2, "RSpec/BeEq: Prefer `be` over `eq`.", 5860785],
    [460, 47, 2, "RSpec/BeEq: Prefer `be` over `eq`.", 5860785],
    [461, 45, 2, "RSpec/BeEq: Prefer `be` over `eq`.", 5860785],
    [464, 47, 2, "RSpec/BeEq: Prefer `be` over `eq`.", 5860785],
    [465, 45, 2, "RSpec/BeEq: Prefer `be` over `eq`.", 5860785],
    [491, 52, 2, "RSpec/BeEq: Prefer `be` over `eq`.", 5860785],
    [518, 58, 2, "RSpec/BeEq: Prefer `be` over `eq`.", 5860785],
    [519, 52, 2, "RSpec/BeEq: Prefer `be` over `eq`.", 5860785],
    [547, 52, 2, "RSpec/BeEq: Prefer `be` over `eq`.", 5860785],
    [561, 52, 2, "RSpec/BeEq: Prefer `be` over `eq`.", 5860785],
    [567, 11, 105, "Style/ClassMethodsDefinitions: Use `class << self` to define a class method.", 89801385],
    [579, 54, 2, "RSpec/BeEq: Prefer `be` over `eq`.", 5860785],
    [606, 52, 2, "RSpec/BeEq: Prefer `be` over `eq`.", 5860785],
    [635, 45, 2, "RSpec/BeEq: Prefer `be` over `eq`.", 5860785],
    [636, 41, 2, "RSpec/BeEq: Prefer `be` over `eq`.", 5860785],
    [638, 67, 2, "RSpec/BeEq: Prefer `be` over `eq`.", 5860785],
    [639, 62, 2, "RSpec/BeEq: Prefer `be` over `eq`.", 5860785],
    [643, 45, 2, "RSpec/BeEq: Prefer `be` over `eq`.", 5860785],
    [644, 41, 2, "RSpec/BeEq: Prefer `be` over `eq`.", 5860785],
    [648, 45, 2, "RSpec/BeEq: Prefer `be` over `eq`.", 5860785],
    [649, 41, 2, "RSpec/BeEq: Prefer `be` over `eq`.", 5860785],
    [658, 45, 2, "RSpec/BeEq: Prefer `be` over `eq`.", 5860785],
    [659, 41, 2, "RSpec/BeEq: Prefer `be` over `eq`.", 5860785],
    [661, 73, 2, "RSpec/BeEq: Prefer `be` over `eq`.", 5860785],
    [662, 68, 2, "RSpec/BeEq: Prefer `be` over `eq`.", 5860785],
    [666, 45, 2, "RSpec/BeEq: Prefer `be` over `eq`.", 5860785],
    [667, 41, 2, "RSpec/BeEq: Prefer `be` over `eq`.", 5860785],
    [671, 45, 2, "RSpec/BeEq: Prefer `be` over `eq`.", 5860785],
    [672, 41, 2, "RSpec/BeEq: Prefer `be` over `eq`.", 5860785],
    [685, 37, 2, "RSpec/BeEq: Prefer `be` over `eq`.", 5860785],
    [691, 37, 2, "RSpec/BeEq: Prefer `be` over `eq`.", 5860785],
    [703, 37, 2, "RSpec/BeEq: Prefer `be` over `eq`.", 5860785],
    [716, 37, 2, "RSpec/BeEq: Prefer `be` over `eq`.", 5860785],
    [721, 37, 2, "RSpec/BeEq: Prefer `be` over `eq`.", 5860785],
    [740, 37, 2, "RSpec/BeEq: Prefer `be` over `eq`.", 5860785],
    [755, 37, 2, "RSpec/BeEq: Prefer `be` over `eq`.", 5860785]
  ],
  "spec/flag_shih_tzu_spec.rb:1568727311": [
    [90, 15, 23, "RSpec/ContextWording: Context description should match /^when\\b/, /^with\\b/, or /^without\\b/.", 3080898708],
    [204, 15, 14, "RSpec/ContextWording: Context description should match /^when\\b/, /^with\\b/, or /^without\\b/.", 4109697375],
    [300, 42, 2, "RSpec/BeEq: Prefer `be` over `eq`.", 5860785],
    [301, 40, 2, "RSpec/BeEq: Prefer `be` over `eq`.", 5860785],
    [302, 45, 2, "RSpec/BeEq: Prefer `be` over `eq`.", 5860785],
    [317, 42, 2, "RSpec/BeEq: Prefer `be` over `eq`.", 5860785],
    [318, 40, 2, "RSpec/BeEq: Prefer `be` over `eq`.", 5860785],
    [319, 45, 2, "RSpec/BeEq: Prefer `be` over `eq`.", 5860785],
    [327, 43, 2, "RSpec/BeEq: Prefer `be` over `eq`.", 5860785],
    [328, 41, 2, "RSpec/BeEq: Prefer `be` over `eq`.", 5860785],
    [329, 46, 2, "RSpec/BeEq: Prefer `be` over `eq`.", 5860785],
    [344, 43, 2, "RSpec/BeEq: Prefer `be` over `eq`.", 5860785],
    [345, 41, 2, "RSpec/BeEq: Prefer `be` over `eq`.", 5860785],
    [346, 46, 2, "RSpec/BeEq: Prefer `be` over `eq`.", 5860785],
    [386, 74, 2, "RSpec/BeEq: Prefer `be` over `eq`.", 5860785],
    [387, 82, 2, "RSpec/BeEq: Prefer `be` over `eq`.", 5860785],
    [449, 15, 28, "RSpec/ContextWording: Context description should match /^when\\b/, /^with\\b/, or /^without\\b/.", 346710850]
  ],
  "spec/smoke_test.rb:4276941534": [
    [41, 1, 31, "RSpec/Output: Do not write to stdout in specs.", 3948929968],
    [43, 1, 45, "RSpec/Output: Do not write to stdout in specs.", 1102770919],
    [44, 1, 41, "RSpec/Output: Do not write to stdout in specs.", 1265554151],
    [47, 1, 27, "RSpec/Output: Do not write to stdout in specs.", 3509924833],
    [50, 1, 29, "RSpec/Output: Do not write to stdout in specs.", 540406065],
    [51, 1, 55, "RSpec/Output: Do not write to stdout in specs.", 189523176],
    [53, 1, 64, "RSpec/Output: Do not write to stdout in specs.", 736735761]
  ],
  "spec/spec_helper.rb:178763461": [
    [57, 5, 71, "RSpec/Output: Do not write to stdout in specs.", 449262686]
  ]
}
