{
  "README.md:4292762577": [
    [251, 23, 1, "Style/TrailingCommaInArguments: Avoid comma after the last parameter of a method call.", 177545],
    [260, 25, 1, "Style/TrailingCommaInArguments: Avoid comma after the last parameter of a method call.", 177545],
    [295, 25, 1, "Style/TrailingCommaInArguments: Avoid comma after the last parameter of a method call.", 177545],
    [459, 17, 1, "Style/TrailingCommaInHashLiteral: Avoid comma after the last item of a hash.", 177545],
    [629, 42, 1, "Style/TrailingCommaInArguments: Avoid comma after the last parameter of a method call.", 177545]
  ],
  "lib/flag_shih_tzu.rb:2370671481": [
    [25, 34, 1, "Style/TrailingCommaInHashLiteral: Avoid comma after the last item of a hash.", 177545],
    [29, 30, 1, "Style/TrailingCommaInHashLiteral: Avoid comma after the last item of a hash.", 177545],
    [203, 11, 80, "Style/PercentLiteralDelimiters: `%`-literals should be delimited by `(` and `)`.", 2410711883],
    [224, 25, 1, "Style/TrailingCommaInHashLiteral: Avoid comma after the last item of a hash.", 177545],
    [229, 14, 105, "Style/PercentLiteralDelimiters: `%`-literals should be delimited by `(` and `)`.", 1833744214],
    [235, 11, 169, "Style/PercentLiteralDelimiters: `%`-literals should be delimited by `(` and `)`.", 888633700],
    [236, 106, 1, "Style/TrailingCommaInArguments: Avoid comma after the last parameter of a method call.", 177545],
    [261, 13, 75, "Style/PercentLiteralDelimiters: `%`-literals should be delimited by `(` and `)`.", 682396087],
    [265, 13, 67, "Style/PercentLiteralDelimiters: `%`-literals should be delimited by `(` and `)`.", 2715296860],
    [275, 15, 82, "Style/PercentLiteralDelimiters: `%`-literals should be delimited by `(` and `)`.", 2122647910],
    [494, 11, 60, "Style/PercentLiteralDelimiters: `%`-literals should be delimited by `(` and `)`.", 1500803220],
    [498, 11, 25, "Style/PercentLiteralDelimiters: `%`-literals should be delimited by `(` and `)`.", 3963050930],
    [515, 9, 70, "Style/PercentLiteralDelimiters: `%`-literals should be delimited by `(` and `)`.", 3350648057],
    [515, 79, 1, "Style/TrailingCommaInArguments: Avoid comma after the last parameter of a method call.", 177545],
    [561, 9, 22, "Lint/SymbolConversion: Unnecessary symbol conversion; use `:\"#{flag_name}?\"` instead.", 56785158],
    [562, 9, 22, "Lint/SymbolConversion: Unnecessary symbol conversion; use `:\"#{flag_name}=\"` instead.", 2580630148],
    [563, 9, 25, "Lint/SymbolConversion: Unnecessary symbol conversion; use `:\"not_#{flag_name}\"` instead.", 2129418259],
    [564, 9, 26, "Lint/SymbolConversion: Unnecessary symbol conversion; use `:\"not_#{flag_name}?\"` instead.", 2711759468],
    [565, 9, 26, "Lint/SymbolConversion: Unnecessary symbol conversion; use `:\"not_#{flag_name}=\"` instead.", 197114350],
    [566, 9, 30, "Lint/SymbolConversion: Unnecessary symbol conversion; use `:\"#{flag_name}_changed?\"` instead.", 1837565403],
    [567, 9, 26, "Lint/SymbolConversion: Unnecessary symbol conversion; use `:\"#{flag_name}_nil?\"` instead.", 2212861938],
    [568, 9, 38, "Lint/SymbolConversion: Unnecessary symbol conversion; use `:\"saved_change_to_#{flag_name}?\"` instead.", 1846561217],
    [569, 9, 22, "Lint/SymbolConversion: Unnecessary symbol conversion; use `:\"#{flag_name}!\"` instead.", 1038651544],
    [570, 9, 26, "Lint/SymbolConversion: Unnecessary symbol conversion; use `:\"not_#{flag_name}!\"` instead.", 1518862322],
    [571, 9, 28, "Lint/SymbolConversion: Unnecessary symbol conversion; use `:\"clear_#{flag_name}!\"` instead.", 2826291006],
    [571, 37, 1, "Style/TrailingCommaInArrayLiteral: Avoid comma after the last item of an array.", 177545],
    [590, 11, 54, "Style/PercentLiteralDelimiters: `%`-literals should be delimited by `(` and `)`.", 3934512659],
    [599, 9, 56, "Style/PercentLiteralDelimiters: `%`-literals should be delimited by `(` and `)`.", 2782169542],
    [611, 9, 87, "Style/PercentLiteralDelimiters: `%`-literals should be delimited by `(` and `)`.", 1544449473],
    [740, 13, 108, "Style/PercentLiteralDelimiters: `%`-literals should be delimited by `(` and `)`.", 131221228],
    [740, 121, 1, "Style/TrailingCommaInArguments: Avoid comma after the last parameter of a method call.", 177545],
    [745, 13, 105, "Style/PercentLiteralDelimiters: `%`-literals should be delimited by `(` and `)`.", 49137178],
    [745, 118, 1, "Style/TrailingCommaInArguments: Avoid comma after the last parameter of a method call.", 177545],
    [750, 9, 137, "Style/MultilineIfModifier: Favor a normal if-statement over a modifier clause in a multiline statement.", 2902556914],
    [751, 11, 100, "Style/PercentLiteralDelimiters: `%`-literals should be delimited by `(` and `)`.", 2505664698],
    [751, 111, 1, "Style/TrailingCommaInArguments: Avoid comma after the last parameter of a method call.", 177545],
    [760, 5, 20, "Style/RescueStandardError: Omit the error class when rescuing `StandardError` by itself.", 3081355729],
    [957, 17, 20, "Lint/SymbolConversion: Unnecessary symbol conversion; use `:\"not_#{flag}\"` instead.", 1711595979],
    [958, 10, 1, "Style/TrailingCommaInArguments: Avoid comma after the last parameter of a method call.", 177545]
  ],
  "lib/flag_shih_tzu/validators.rb:831948400": [
    [20, 11, 62, "Lint/ShadowedArgument: Argument `value` was shadowed by a local variable before it was used.", 1054887398]
  ],
  "spec/flag_shih_tzu_spec.rb:1210535193": [
    [106, 29, 1, "Style/TrailingCommaInArguments: Avoid comma after the last parameter of a method call.", 177545],
    [111, 29, 1, "Style/TrailingCommaInArguments: Avoid comma after the last parameter of a method call.", 177545],
    [287, 32, 1, "Style/TrailingCommaInArguments: Avoid comma after the last parameter of a method call.", 177545],
    [298, 25, 1, "Style/TrailingCommaInArguments: Avoid comma after the last parameter of a method call.", 177545],
    [309, 25, 1, "Style/TrailingCommaInArguments: Avoid comma after the last parameter of a method call.", 177545],
    [320, 25, 1, "Style/TrailingCommaInArguments: Avoid comma after the last parameter of a method call.", 177545],
    [331, 25, 1, "Style/TrailingCommaInArguments: Avoid comma after the last parameter of a method call.", 177545],
    [459, 54, 1, "Style/TrailingCommaInArguments: Avoid comma after the last parameter of a method call.", 177545],
    [463, 55, 1, "Style/TrailingCommaInArguments: Avoid comma after the last parameter of a method call.", 177545],
    [467, 58, 1, "Style/TrailingCommaInArguments: Avoid comma after the last parameter of a method call.", 177545],
    [471, 55, 1, "Style/TrailingCommaInArguments: Avoid comma after the last parameter of a method call.", 177545],
    [478, 58, 1, "Style/TrailingCommaInArguments: Avoid comma after the last parameter of a method call.", 177545],
    [482, 59, 1, "Style/TrailingCommaInArguments: Avoid comma after the last parameter of a method call.", 177545],
    [486, 62, 1, "Style/TrailingCommaInArguments: Avoid comma after the last parameter of a method call.", 177545],
    [490, 59, 1, "Style/TrailingCommaInArguments: Avoid comma after the last parameter of a method call.", 177545],
    [497, 56, 1, "Style/TrailingCommaInArguments: Avoid comma after the last parameter of a method call.", 177545],
    [501, 54, 1, "Style/TrailingCommaInArguments: Avoid comma after the last parameter of a method call.", 177545],
    [508, 60, 1, "Style/TrailingCommaInArguments: Avoid comma after the last parameter of a method call.", 177545],
    [512, 58, 1, "Style/TrailingCommaInArguments: Avoid comma after the last parameter of a method call.", 177545],
    [529, 37, 1, "Style/TrailingCommaInArguments: Avoid comma after the last parameter of a method call.", 177545],
    [533, 55, 1, "Style/TrailingCommaInArguments: Avoid comma after the last parameter of a method call.", 177545],
    [556, 38, 1, "Style/TrailingCommaInArguments: Avoid comma after the last parameter of a method call.", 177545],
    [560, 54, 1, "Style/TrailingCommaInArguments: Avoid comma after the last parameter of a method call.", 177545],
    [581, 64, 5, "RSpec/Extra/BeEmpty: Use `be_empty` matchers for checking an empty array.", 165677152],
    [609, 44, 5, "RSpec/Extra/BeEmpty: Use `be_empty` matchers for checking an empty array.", 165677152],
    [637, 107, 5, "RSpec/Extra/BeEmpty: Use `be_empty` matchers for checking an empty array.", 165677152],
    [680, 53, 1, "Style/TrailingCommaInArguments: Avoid comma after the last parameter of a method call.", 177545],
    [684, 57, 1, "Style/TrailingCommaInArguments: Avoid comma after the last parameter of a method call.", 177545],
    [688, 54, 1, "Style/TrailingCommaInArguments: Avoid comma after the last parameter of a method call.", 177545],
    [692, 58, 1, "Style/TrailingCommaInArguments: Avoid comma after the last parameter of a method call.", 177545],
    [727, 39, 1, "Style/TrailingCommaInArguments: Avoid comma after the last parameter of a method call.", 177545]
  ],
  "spec/smoke_test.rb:2759788047": [
    [25, 23, 1, "Style/TrailingCommaInArguments: Avoid comma after the last parameter of a method call.", 177545]
  ],
  "spec/spec_helper.rb:2252555277": [
    [34, 23, 1, "Style/TrailingCommaInArguments: Avoid comma after the last parameter of a method call.", 177545]
  ],
  "spec/support/models.rb:2373720860": [
    [18, 27, 1, "Style/TrailingCommaInArguments: Avoid comma after the last parameter of a method call.", 177545],
    [28, 24, 1, "Style/TrailingCommaInArguments: Avoid comma after the last parameter of a method call.", 177545],
    [39, 22, 1, "Style/TrailingCommaInArguments: Avoid comma after the last parameter of a method call.", 177545],
    [50, 21, 1, "Style/TrailingCommaInArguments: Avoid comma after the last parameter of a method call.", 177545],
    [60, 19, 1, "Style/TrailingCommaInArguments: Avoid comma after the last parameter of a method call.", 177545],
    [64, 25, 1, "Style/TrailingCommaInArguments: Avoid comma after the last parameter of a method call.", 177545],
    [75, 23, 1, "Style/TrailingCommaInHashLiteral: Avoid comma after the last item of a hash.", 177545],
    [77, 22, 1, "Style/TrailingCommaInArguments: Avoid comma after the last parameter of a method call.", 177545],
    [84, 26, 1, "Style/TrailingCommaInHashLiteral: Avoid comma after the last item of a hash.", 177545],
    [86, 22, 1, "Style/TrailingCommaInArguments: Avoid comma after the last parameter of a method call.", 177545],
    [91, 28, 1, "Style/TrailingCommaInHashLiteral: Avoid comma after the last item of a hash.", 177545],
    [93, 22, 1, "Style/TrailingCommaInArguments: Avoid comma after the last parameter of a method call.", 177545],
    [137, 25, 1, "Style/TrailingCommaInHashLiteral: Avoid comma after the last item of a hash.", 177545],
    [140, 29, 1, "Style/TrailingCommaInArguments: Avoid comma after the last parameter of a method call.", 177545],
    [147, 28, 1, "Style/TrailingCommaInHashLiteral: Avoid comma after the last item of a hash.", 177545],
    [150, 29, 1, "Style/TrailingCommaInArguments: Avoid comma after the last parameter of a method call.", 177545],
    [155, 30, 1, "Style/TrailingCommaInHashLiteral: Avoid comma after the last item of a hash.", 177545],
    [158, 29, 1, "Style/TrailingCommaInArguments: Avoid comma after the last parameter of a method call.", 177545],
    [177, 24, 1, "Style/TrailingCommaInArguments: Avoid comma after the last parameter of a method call.", 177545],
    [181, 24, 1, "Style/TrailingCommaInArguments: Avoid comma after the last parameter of a method call.", 177545],
    [185, 24, 1, "Style/TrailingCommaInArguments: Avoid comma after the last parameter of a method call.", 177545]
  ]
}
